
Microsoft Visual Studio Solution File, Format Version 12.00
# Visual Studio Version 17
VisualStudioVersion = 17.10.35004.147
MinimumVisualStudioVersion = 10.0.40219.1
Project("{FAE04EC0-301F-11D3-BF4B-00C04F79EFBC}") = "Gestor de coches", "Gestor de coches.csproj", "{C287C7EF-287F-44E5-923B-7BC472C2624E}"
EndProject
Project("{9A19103F-16F7-4668-BE54-9A1E7A4F7556}") = "infraestructure", "infraestructure\infraestructure.csproj", "{265907F0-0BB6-45F5-8E70-64FA4241BD33}"
EndProject
Project("{9A19103F-16F7-4668-BE54-9A1E7A4F7556}") = "Model", "Model\Model.csproj", "{DCF5EEA4-CA61-4A51-8D7B-5C3CFC5BD644}"
EndProject
Global
	GlobalSection(SolutionConfigurationPlatforms) = preSolution
		Debug|Any CPU = Debug|Any CPU
		Release|Any CPU = Release|Any CPU
	EndGlobalSection
	GlobalSection(ProjectConfigurationPlatforms) = postSolution
		{C287C7EF-287F-44E5-923B-7BC472C2624E}.Debug|Any CPU.ActiveCfg = Debug|Any CPU
		{C287C7EF-287F-44E5-923B-7BC472C2624E}.Debug|Any CPU.Build.0 = Debug|Any CPU
		{C287C7EF-287F-44E5-923B-7BC472C2624E}.Release|Any CPU.ActiveCfg = Release|Any CPU
		{C287C7EF-287F-44E5-923B-7BC472C2624E}.Release|Any CPU.Build.0 = Release|Any CPU
		{265907F0-0BB6-45F5-8E70-64FA4241BD33}.Debug|Any CPU.ActiveCfg = Debug|Any CPU
		{265907F0-0BB6-45F5-8E70-64FA4241BD33}.Debug|Any CPU.Build.0 = Debug|Any CPU
		{265907F0-0BB6-45F5-8E70-64FA4241BD33}.Release|Any CPU.ActiveCfg = Release|Any CPU
		{265907F0-0BB6-45F5-8E70-64FA4241BD33}.Release|Any CPU.Build.0 = Release|Any CPU
		{DCF5EEA4-CA61-4A51-8D7B-5C3CFC5BD644}.Debug|Any CPU.ActiveCfg = Debug|Any CPU
		{DCF5EEA4-CA61-4A51-8D7B-5C3CFC5BD644}.Debug|Any CPU.Build.0 = Debug|Any CPU
		{DCF5EEA4-CA61-4A51-8D7B-5C3CFC5BD644}.Release|Any CPU.ActiveCfg = Release|Any CPU
		{DCF5EEA4-CA61-4A51-8D7B-5C3CFC5BD644}.Release|Any CPU.Build.0 = Release|Any CPU
	EndGlobalSection
	GlobalSection(SolutionProperties) = preSolution
		HideSolutionNode = FALSE
	EndGlobalSection
	GlobalSection(ExtensibilityGlobals) = postSolution
		SolutionGuid = {E38F0DB8-8F11-4921-B61B-A3BA2EB865BC}
	EndGlobalSection
EndGlobal
